{
  "version": 4,
  "terraform_version": "1.5.7",
  "serial": 25,
  "lineage": "51bac1c9-c2e4-882b-e623-3bbebec3fdfd",
  "outputs": {},
  "resources": [
    {
      "mode": "managed",
      "type": "yandex_compute_instance",
      "name": "web_server_1",
      "provider": "provider[\"registry.terraform.io/yandex-cloud/yandex\"]",
      "instances": [
        {
          "schema_version": 1,
          "attributes": {
            "allow_recreate": null,
            "allow_stopping_for_update": null,
            "boot_disk": [
              {
                "auto_delete": true,
                "device_name": "fhm4nrl72c9kctc4rgkl",
                "disk_id": "fhm4nrl72c9kctc4rgkl",
                "initialize_params": [
                  {
                    "block_size": 4096,
                    "description": "",
                    "image_id": "fd88r89var8ukrlbmaki",
                    "name": "",
                    "size": 10,
                    "snapshot_id": "",
                    "type": "network-hdd"
                  }
                ],
                "mode": "READ_WRITE"
              }
            ],
            "created_at": "2024-03-10T11:37:50Z",
            "description": "",
            "filesystem": [],
            "folder_id": "b1g3jp8vcee18hao4u57",
            "fqdn": "fhm41l7qetpo5st41mhe.auto.internal",
            "gpu_cluster_id": "",
            "hostname": "",
            "id": "fhm41l7qetpo5st41mhe",
            "labels": {},
            "local_disk": [],
            "maintenance_grace_period": "",
            "maintenance_policy": null,
            "metadata": {
              "user-data": "#cloud-config\nusers:\n  - name: admin\n    groups: sudo\n    shell: /bin/bash\n    sudo: \"ALL=(ALL) NOPASSWD:ALL\"\n    ssh-authorized-keys:\n      - ssh-ed25519 AAAAC3NzaC1lZDI1NTE5AAAAIOovdit3zoit8VP9Y6l+YdDrCMvL9AzQR69jcrRT0t36 nikolaykoposov@MacBook-Air-Nikolay.local\n"
            },
            "metadata_options": [
              {
                "aws_v1_http_endpoint": 1,
                "aws_v1_http_token": 2,
                "gce_http_endpoint": 1,
                "gce_http_token": 1
              }
            ],
            "name": "web-server-1",
            "network_acceleration_type": "standard",
            "network_interface": [
              {
                "dns_record": [],
                "index": 0,
                "ip_address": "192.168.10.15",
                "ipv4": true,
                "ipv6": false,
                "ipv6_address": "",
                "ipv6_dns_record": [],
                "mac_address": "d0:0d:40:d4:fa:77",
                "nat": true,
                "nat_dns_record": [],
                "nat_ip_address": "51.250.85.51",
                "nat_ip_version": "IPV4",
                "security_group_ids": [],
                "subnet_id": "e9bet8fr4orpdlhvf5vv"
              }
            ],
            "placement_policy": [
              {
                "host_affinity_rules": [],
                "placement_group_id": "",
                "placement_group_partition": 0
              }
            ],
            "platform_id": "standard-v3",
            "resources": [
              {
                "core_fraction": 20,
                "cores": 2,
                "gpus": 0,
                "memory": 4
              }
            ],
            "scheduling_policy": [
              {
                "preemptible": false
              }
            ],
            "secondary_disk": [],
            "service_account_id": "",
            "status": "running",
            "timeouts": null,
            "zone": "ru-central1-a"
          },
          "sensitive_attributes": [],
          "private": "eyJlMmJmYjczMC1lY2FhLTExZTYtOGY4OC0zNDM2M2JjN2M0YzAiOnsiY3JlYXRlIjozMDAwMDAwMDAwMDAsImRlbGV0ZSI6MzAwMDAwMDAwMDAwLCJ1cGRhdGUiOjMwMDAwMDAwMDAwMH0sInNjaGVtYV92ZXJzaW9uIjoiMSJ9"
        }
      ]
    },
    {
      "mode": "managed",
      "type": "yandex_compute_instance",
      "name": "web_server_2",
      "provider": "provider[\"registry.terraform.io/yandex-cloud/yandex\"]",
      "instances": [
        {
          "schema_version": 1,
          "attributes": {
            "allow_recreate": null,
            "allow_stopping_for_update": null,
            "boot_disk": [
              {
                "auto_delete": true,
                "device_name": "epdpm64p50spvp7bs4om",
                "disk_id": "epdpm64p50spvp7bs4om",
                "initialize_params": [
                  {
                    "block_size": 4096,
                    "description": "",
                    "image_id": "fd88r89var8ukrlbmaki",
                    "name": "",
                    "size": 10,
                    "snapshot_id": "",
                    "type": "network-hdd"
                  }
                ],
                "mode": "READ_WRITE"
              }
            ],
            "created_at": "2024-03-10T11:37:50Z",
            "description": "",
            "filesystem": [],
            "folder_id": "b1g3jp8vcee18hao4u57",
            "fqdn": "epdfmpt90looaqh3mic1.auto.internal",
            "gpu_cluster_id": "",
            "hostname": "",
            "id": "epdfmpt90looaqh3mic1",
            "labels": {},
            "local_disk": [],
            "maintenance_grace_period": "",
            "maintenance_policy": null,
            "metadata": {
              "user-data": "#cloud-config\nusers:\n  - name: admin\n    groups: sudo\n    shell: /bin/bash\n    sudo: \"ALL=(ALL) NOPASSWD:ALL\"\n    ssh-authorized-keys:\n      - ssh-ed25519 AAAAC3NzaC1lZDI1NTE5AAAAIOovdit3zoit8VP9Y6l+YdDrCMvL9AzQR69jcrRT0t36 nikolaykoposov@MacBook-Air-Nikolay.local\n"
            },
            "metadata_options": [
              {
                "aws_v1_http_endpoint": 1,
                "aws_v1_http_token": 2,
                "gce_http_endpoint": 1,
                "gce_http_token": 1
              }
            ],
            "name": "web-server-2",
            "network_acceleration_type": "standard",
            "network_interface": [
              {
                "dns_record": [],
                "index": 0,
                "ip_address": "192.168.0.28",
                "ipv4": true,
                "ipv6": false,
                "ipv6_address": "",
                "ipv6_dns_record": [],
                "mac_address": "d0:0d:fb:67:a9:05",
                "nat": true,
                "nat_dns_record": [],
                "nat_ip_address": "",
                "nat_ip_version": "IPV4",
                "security_group_ids": [],
                "subnet_id": "e2lj7vk9hdqso4qn7bks"
              }
            ],
            "placement_policy": [
              {
                "host_affinity_rules": [],
                "placement_group_id": "",
                "placement_group_partition": 0
              }
            ],
            "platform_id": "standard-v3",
            "resources": [
              {
                "core_fraction": 20,
                "cores": 2,
                "gpus": 0,
                "memory": 4
              }
            ],
            "scheduling_policy": [
              {
                "preemptible": false
              }
            ],
            "secondary_disk": [],
            "service_account_id": "",
            "status": "stopped",
            "timeouts": null,
            "zone": "ru-central1-b"
          },
          "sensitive_attributes": [],
          "private": "eyJlMmJmYjczMC1lY2FhLTExZTYtOGY4OC0zNDM2M2JjN2M0YzAiOnsiY3JlYXRlIjozMDAwMDAwMDAwMDAsImRlbGV0ZSI6MzAwMDAwMDAwMDAwLCJ1cGRhdGUiOjMwMDAwMDAwMDAwMH0sInNjaGVtYV92ZXJzaW9uIjoiMSJ9"
        }
      ]
    }
  ],
  "check_results": null
}
